
Microsoft Visual Studio Solution File, Format Version 12.00
# Visual Studio 14
VisualStudioVersion = 14.0.25420.1
MinimumVisualStudioVersion = 10.0.40219.1
Project("{FAE04EC0-301F-11D3-BF4B-00C04F79EFBC}") = "gitTest1", "gitTest1.csproj", "{AEA54478-ED57-4D03-AC28-F96E753663BA}"
EndProject
Project("{FAE04EC0-301F-11D3-BF4B-00C04F79EFBC}") = "Test", "..\Test\Test.csproj", "{3D4A4726-5D3E-4877-84BF-3982C7F9F48D}"
EndProject
Project("{FAE04EC0-301F-11D3-BF4B-00C04F79EFBC}") = "Test2", "Test2\Test2.csproj", "{0708E2D7-C648-4323-B5BF-C37FB5BF9602}"
EndProject
Global
	GlobalSection(SolutionConfigurationPlatforms) = preSolution
		Debug|Any CPU = Debug|Any CPU
		Release|Any CPU = Release|Any CPU
	EndGlobalSection
	GlobalSection(ProjectConfigurationPlatforms) = postSolution
		{AEA54478-ED57-4D03-AC28-F96E753663BA}.Debug|Any CPU.ActiveCfg = Debug|Any CPU
		{AEA54478-ED57-4D03-AC28-F96E753663BA}.Debug|Any CPU.Build.0 = Debug|Any CPU
		{AEA54478-ED57-4D03-AC28-F96E753663BA}.Release|Any CPU.ActiveCfg = Release|Any CPU
		{AEA54478-ED57-4D03-AC28-F96E753663BA}.Release|Any CPU.Build.0 = Release|Any CPU
		{3D4A4726-5D3E-4877-84BF-3982C7F9F48D}.Debug|Any CPU.ActiveCfg = Debug|Any CPU
		{3D4A4726-5D3E-4877-84BF-3982C7F9F48D}.Debug|Any CPU.Build.0 = Debug|Any CPU
		{3D4A4726-5D3E-4877-84BF-3982C7F9F48D}.Release|Any CPU.ActiveCfg = Release|Any CPU
		{3D4A4726-5D3E-4877-84BF-3982C7F9F48D}.Release|Any CPU.Build.0 = Release|Any CPU
		{0708E2D7-C648-4323-B5BF-C37FB5BF9602}.Debug|Any CPU.ActiveCfg = Debug|Any CPU
		{0708E2D7-C648-4323-B5BF-C37FB5BF9602}.Debug|Any CPU.Build.0 = Debug|Any CPU
		{0708E2D7-C648-4323-B5BF-C37FB5BF9602}.Release|Any CPU.ActiveCfg = Release|Any CPU
		{0708E2D7-C648-4323-B5BF-C37FB5BF9602}.Release|Any CPU.Build.0 = Release|Any CPU
	EndGlobalSection
	GlobalSection(SolutionProperties) = preSolution
		HideSolutionNode = FALSE
	EndGlobalSection
EndGlobal
